
Microsoft Visual Studio Solution File, Format Version 12.00
# Visual Studio Version 17
VisualStudioVersion = 17.1.32421.90
MinimumVisualStudioVersion = 10.0.40219.1
Project("{FAE04EC0-301F-11D3-BF4B-00C04F79EFBC}") = "hod_kostkami_Hrdy", "hod_kostkami_Hrdy\hod_kostkami_Hrdy.csproj", "{0FDFF4C6-C012-4C16-A966-C9E4B54AE33B}"
EndProject
Global
	GlobalSection(SolutionConfigurationPlatforms) = preSolution
		Debug|Any CPU = Debug|Any CPU
		Release|Any CPU = Release|Any CPU
	EndGlobalSection
	GlobalSection(ProjectConfigurationPlatforms) = postSolution
		{0FDFF4C6-C012-4C16-A966-C9E4B54AE33B}.Debug|Any CPU.ActiveCfg = Debug|Any CPU
		{0FDFF4C6-C012-4C16-A966-C9E4B54AE33B}.Debug|Any CPU.Build.0 = Debug|Any CPU
		{0FDFF4C6-C012-4C16-A966-C9E4B54AE33B}.Release|Any CPU.ActiveCfg = Release|Any CPU
		{0FDFF4C6-C012-4C16-A966-C9E4B54AE33B}.Release|Any CPU.Build.0 = Release|Any CPU
	EndGlobalSection
	GlobalSection(SolutionProperties) = preSolution
		HideSolutionNode = FALSE
	EndGlobalSection
	GlobalSection(ExtensibilityGlobals) = postSolution
		SolutionGuid = {17FED392-3A1E-42B8-A84D-30D5F378781D}
	EndGlobalSection
EndGlobal
